
Microsoft Visual Studio Solution File, Format Version 12.00
# Visual Studio Version 16
VisualStudioVersion = 16.0.29230.47
MinimumVisualStudioVersion = 10.0.40219.1
Project("{FAE04EC0-301F-11D3-BF4B-00C04F79EFBC}") = "LP_2", "LP_2\LP_2.csproj", "{5EC784BE-F535-40C2-B153-A1B1C9B4FEE6}"
EndProject
Global
	GlobalSection(SolutionConfigurationPlatforms) = preSolution
		Debug|Any CPU = Debug|Any CPU
		Release|Any CPU = Release|Any CPU
	EndGlobalSection
	GlobalSection(ProjectConfigurationPlatforms) = postSolution
		{5EC784BE-F535-40C2-B153-A1B1C9B4FEE6}.Debug|Any CPU.ActiveCfg = Debug|Any CPU
		{5EC784BE-F535-40C2-B153-A1B1C9B4FEE6}.Debug|Any CPU.Build.0 = Debug|Any CPU
		{5EC784BE-F535-40C2-B153-A1B1C9B4FEE6}.Release|Any CPU.ActiveCfg = Release|Any CPU
		{5EC784BE-F535-40C2-B153-A1B1C9B4FEE6}.Release|Any CPU.Build.0 = Release|Any CPU
	EndGlobalSection
	GlobalSection(SolutionProperties) = preSolution
		HideSolutionNode = FALSE
	EndGlobalSection
	GlobalSection(ExtensibilityGlobals) = postSolution
		SolutionGuid = {3A67E83D-EC90-4E93-89FB-EDFB0E9C0FCD}
	EndGlobalSection
EndGlobal
